
Microsoft Visual Studio Solution File, Format Version 11.00
# Visual Studio 2010
Project("{FAE04EC0-301F-11D3-BF4B-00C04F79EFBC}") = "PlaybookWeb", "PlaybookWeb\PlaybookWeb.csproj", "{09ACB0DC-8B54-4835-8D4D-AD889BDEE644}"
EndProject
Global
	GlobalSection(SolutionConfigurationPlatforms) = preSolution
		Debug|Any CPU = Debug|Any CPU
		Release|Any CPU = Release|Any CPU
	EndGlobalSection
	GlobalSection(ProjectConfigurationPlatforms) = postSolution
		{09ACB0DC-8B54-4835-8D4D-AD889BDEE644}.Debug|Any CPU.ActiveCfg = Debug|Any CPU
		{09ACB0DC-8B54-4835-8D4D-AD889BDEE644}.Debug|Any CPU.Build.0 = Debug|Any CPU
		{09ACB0DC-8B54-4835-8D4D-AD889BDEE644}.Release|Any CPU.ActiveCfg = Release|Any CPU
		{09ACB0DC-8B54-4835-8D4D-AD889BDEE644}.Release|Any CPU.Build.0 = Release|Any CPU
	EndGlobalSection
	GlobalSection(SolutionProperties) = preSolution
		HideSolutionNode = FALSE
	EndGlobalSection
EndGlobal
